// !$*UTF8*$!
{
	archiveVersion = 1;
	classes = {
	};
	objectVersion = 51;
	objects = {

/* Begin PBXBuildFile section */
		5C2A9684C0B433BB5AB4AA96 /* Pods_club_manager.framework in Frameworks */ = {isa = PBXBuildFile; fileRef = 76FA2A8D19426417B75BE31A /* Pods_club_manager.framework */; };
		8E8E58782611A14500DB274A /* ClubNewsTableViewCell.swift in Sources */ = {isa = PBXBuildFile; fileRef = 8E8E58762611A14400DB274A /* ClubNewsTableViewCell.swift */; };
		8E8E58792611A14500DB274A /* ClubNewsTableViewCell.xib in Resources */ = {isa = PBXBuildFile; fileRef = 8E8E58772611A14400DB274A /* ClubNewsTableViewCell.xib */; };
		8E8E58832611D38500DB274A /* ProfileViewController.swift in Sources */ = {isa = PBXBuildFile; fileRef = 8E8E58822611D38500DB274A /* ProfileViewController.swift */; };
		8E8E588626120D3D00DB274A /* CalendarViewController.swift in Sources */ = {isa = PBXBuildFile; fileRef = 8E8E588526120D3D00DB274A /* CalendarViewController.swift */; };
		8E8E58B326130A9E00DB274A /* RecTableViewCell.swift in Sources */ = {isa = PBXBuildFile; fileRef = 8E8E58B126130A9E00DB274A /* RecTableViewCell.swift */; };
		8E8E58B426130A9E00DB274A /* RecTableViewCell.xib in Resources */ = {isa = PBXBuildFile; fileRef = 8E8E58B226130A9E00DB274A /* RecTableViewCell.xib */; };
		8E9B84C3260B20C8000FE298 /* AppDelegate.swift in Sources */ = {isa = PBXBuildFile; fileRef = 8E9B84C2260B20C8000FE298 /* AppDelegate.swift */; };
		8E9B84C5260B20C8000FE298 /* SceneDelegate.swift in Sources */ = {isa = PBXBuildFile; fileRef = 8E9B84C4260B20C8000FE298 /* SceneDelegate.swift */; };
		8E9B84CA260B20C8000FE298 /* Main.storyboard in Resources */ = {isa = PBXBuildFile; fileRef = 8E9B84C8260B20C8000FE298 /* Main.storyboard */; };
		8E9B84CC260B20CB000FE298 /* Assets.xcassets in Resources */ = {isa = PBXBuildFile; fileRef = 8E9B84CB260B20CB000FE298 /* Assets.xcassets */; };
		8E9B84CF260B20CB000FE298 /* LaunchScreen.storyboard in Resources */ = {isa = PBXBuildFile; fileRef = 8E9B84CD260B20CB000FE298 /* LaunchScreen.storyboard */; };
		8E9B84DB260B214F000FE298 /* LoginViewController.swift in Sources */ = {isa = PBXBuildFile; fileRef = 8E9B84DA260B214F000FE298 /* LoginViewController.swift */; };
		8E9B84DE260B233D000FE298 /* ClubViewController.swift in Sources */ = {isa = PBXBuildFile; fileRef = 8E9B84DD260B233D000FE298 /* ClubViewController.swift */; };
		8E9B84E3260B2484000FE298 /* Extension.swift in Sources */ = {isa = PBXBuildFile; fileRef = 8E9B84E2260B2484000FE298 /* Extension.swift */; };
		8E9B84F2260B32E3000FE298 /* clubCollectionViewCell.swift in Sources */ = {isa = PBXBuildFile; fileRef = 8E9B84F0260B32E3000FE298 /* clubCollectionViewCell.swift */; };
		8E9B84F3260B32E3000FE298 /* clubCollectionViewCell.xib in Resources */ = {isa = PBXBuildFile; fileRef = 8E9B84F1260B32E3000FE298 /* clubCollectionViewCell.xib */; };
		8E9B84F7260B3C7A000FE298 /* HomeViewController.swift in Sources */ = {isa = PBXBuildFile; fileRef = 8E9B84F6260B3C7A000FE298 /* HomeViewController.swift */; };
		8ECD782C260C375B0019D9F2 /* AllNoteTableViewCell.swift in Sources */ = {isa = PBXBuildFile; fileRef = 8ECD782A260C375B0019D9F2 /* AllNoteTableViewCell.swift */; };
		8ECD782D260C375B0019D9F2 /* AllNoteTableViewCell.xib in Resources */ = {isa = PBXBuildFile; fileRef = 8ECD782B260C375B0019D9F2 /* AllNoteTableViewCell.xib */; };
		8ECD7833260C42570019D9F2 /* SearchViewController.swift in Sources */ = {isa = PBXBuildFile; fileRef = 8ECD7832260C42570019D9F2 /* SearchViewController.swift */; };
/* End PBXBuildFile section */

/* Begin PBXFileReference section */
		76FA2A8D19426417B75BE31A /* Pods_club_manager.framework */ = {isa = PBXFileReference; explicitFileType = wrapper.framework; includeInIndex = 0; path = Pods_club_manager.framework; sourceTree = BUILT_PRODUCTS_DIR; };
		8E8E58762611A14400DB274A /* ClubNewsTableViewCell.swift */ = {isa = PBXFileReference; lastKnownFileType = sourcecode.swift; path = ClubNewsTableViewCell.swift; sourceTree = "<group>"; };
		8E8E58772611A14400DB274A /* ClubNewsTableViewCell.xib */ = {isa = PBXFileReference; lastKnownFileType = file.xib; path = ClubNewsTableViewCell.xib; sourceTree = "<group>"; };
		8E8E58822611D38500DB274A /* ProfileViewController.swift */ = {isa = PBXFileReference; lastKnownFileType = sourcecode.swift; path = ProfileViewController.swift; sourceTree = "<group>"; };
		8E8E588526120D3D00DB274A /* CalendarViewController.swift */ = {isa = PBXFileReference; lastKnownFileType = sourcecode.swift; path = CalendarViewController.swift; sourceTree = "<group>"; };
		8E8E58B126130A9E00DB274A /* RecTableViewCell.swift */ = {isa = PBXFileReference; lastKnownFileType = sourcecode.swift; path = RecTableViewCell.swift; sourceTree = "<group>"; };
		8E8E58B226130A9E00DB274A /* RecTableViewCell.xib */ = {isa = PBXFileReference; lastKnownFileType = file.xib; path = RecTableViewCell.xib; sourceTree = "<group>"; };
		8E9B84BF260B20C8000FE298 /* club_manager.app */ = {isa = PBXFileReference; explicitFileType = wrapper.application; includeInIndex = 0; path = club_manager.app; sourceTree = BUILT_PRODUCTS_DIR; };
		8E9B84C2260B20C8000FE298 /* AppDelegate.swift */ = {isa = PBXFileReference; lastKnownFileType = sourcecode.swift; path = AppDelegate.swift; sourceTree = "<group>"; };
		8E9B84C4260B20C8000FE298 /* SceneDelegate.swift */ = {isa = PBXFileReference; lastKnownFileType = sourcecode.swift; path = SceneDelegate.swift; sourceTree = "<group>"; };
		8E9B84C9260B20C8000FE298 /* Base */ = {isa = PBXFileReference; lastKnownFileType = file.storyboard; name = Base; path = Base.lproj/Main.storyboard; sourceTree = "<group>"; };
		8E9B84CB260B20CB000FE298 /* Assets.xcassets */ = {isa = PBXFileReference; lastKnownFileType = folder.assetcatalog; path = Assets.xcassets; sourceTree = "<group>"; };
		8E9B84CE260B20CB000FE298 /* Base */ = {isa = PBXFileReference; lastKnownFileType = file.storyboard; name = Base; path = Base.lproj/LaunchScreen.storyboard; sourceTree = "<group>"; };
		8E9B84D0260B20CB000FE298 /* Info.plist */ = {isa = PBXFileReference; lastKnownFileType = text.plist.xml; path = Info.plist; sourceTree = "<group>"; };
		8E9B84DA260B214F000FE298 /* LoginViewController.swift */ = {isa = PBXFileReference; lastKnownFileType = sourcecode.swift; path = LoginViewController.swift; sourceTree = "<group>"; };
		8E9B84DD260B233D000FE298 /* ClubViewController.swift */ = {isa = PBXFileReference; lastKnownFileType = sourcecode.swift; path = ClubViewController.swift; sourceTree = "<group>"; };
		8E9B84E2260B2484000FE298 /* Extension.swift */ = {isa = PBXFileReference; lastKnownFileType = sourcecode.swift; path = Extension.swift; sourceTree = "<group>"; };
		8E9B84F0260B32E3000FE298 /* clubCollectionViewCell.swift */ = {isa = PBXFileReference; lastKnownFileType = sourcecode.swift; path = clubCollectionViewCell.swift; sourceTree = "<group>"; };
		8E9B84F1260B32E3000FE298 /* clubCollectionViewCell.xib */ = {isa = PBXFileReference; lastKnownFileType = file.xib; path = clubCollectionViewCell.xib; sourceTree = "<group>"; };
		8E9B84F6260B3C7A000FE298 /* HomeViewController.swift */ = {isa = PBXFileReference; lastKnownFileType = sourcecode.swift; path = HomeViewController.swift; sourceTree = "<group>"; };
		8ECD782A260C375B0019D9F2 /* AllNoteTableViewCell.swift */ = {isa = PBXFileReference; lastKnownFileType = sourcecode.swift; path = AllNoteTableViewCell.swift; sourceTree = "<group>"; };
		8ECD782B260C375B0019D9F2 /* AllNoteTableViewCell.xib */ = {isa = PBXFileReference; lastKnownFileType = file.xib; path = AllNoteTableViewCell.xib; sourceTree = "<group>"; };
		8ECD7832260C42570019D9F2 /* SearchViewController.swift */ = {isa = PBXFileReference; lastKnownFileType = sourcecode.swift; path = SearchViewController.swift; sourceTree = "<group>"; };
		A1E98E8D58285A6D590CEBD2 /* Pods-club_manager.release.xcconfig */ = {isa = PBXFileReference; includeInIndex = 1; lastKnownFileType = text.xcconfig; name = "Pods-club_manager.release.xcconfig"; path = "Target Support Files/Pods-club_manager/Pods-club_manager.release.xcconfig"; sourceTree = "<group>"; };
		B84823ED0C8896D3C832A146 /* Pods-club_manager.debug.xcconfig */ = {isa = PBXFileReference; includeInIndex = 1; lastKnownFileType = text.xcconfig; name = "Pods-club_manager.debug.xcconfig"; path = "Target Support Files/Pods-club_manager/Pods-club_manager.debug.xcconfig"; sourceTree = "<group>"; };
/* End PBXFileReference section */

/* Begin PBXFrameworksBuildPhase section */
		8E9B84BC260B20C8000FE298 /* Frameworks */ = {
			isa = PBXFrameworksBuildPhase;
			buildActionMask = 2147483647;
			files = (
				5C2A9684C0B433BB5AB4AA96 /* Pods_club_manager.framework in Frameworks */,
			);
			runOnlyForDeploymentPostprocessing = 0;
		};
/* End PBXFrameworksBuildPhase section */

/* Begin PBXGroup section */
		0828F17975C1862E5A6E2AA9 /* Frameworks */ = {
			isa = PBXGroup;
			children = (
				76FA2A8D19426417B75BE31A /* Pods_club_manager.framework */,
			);
			name = Frameworks;
			sourceTree = "<group>";
		};
		8E9B84B6260B20C8000FE298 = {
			isa = PBXGroup;
			children = (
				8E9B84C1260B20C8000FE298 /* club_manager */,
				8E9B84C0260B20C8000FE298 /* Products */,
				CB004EB3FB563905CF3F343D /* Pods */,
				0828F17975C1862E5A6E2AA9 /* Frameworks */,
			);
			sourceTree = "<group>";
		};
		8E9B84C0260B20C8000FE298 /* Products */ = {
			isa = PBXGroup;
			children = (
				8E9B84BF260B20C8000FE298 /* club_manager.app */,
			);
			name = Products;
			sourceTree = "<group>";
		};
		8E9B84C1260B20C8000FE298 /* club_manager */ = {
			isa = PBXGroup;
			children = (
				8E9B84E1260B245D000FE298 /* Utils */,
				8E9B84D9260B2106000FE298 /* ViewControllers */,
				8E9B84D7260B20D3000FE298 /* Delegete */,
				8E9B84C8260B20C8000FE298 /* Main.storyboard */,
				8E9B84CB260B20CB000FE298 /* Assets.xcassets */,
				8E9B84CD260B20CB000FE298 /* LaunchScreen.storyboard */,
				8E9B84D0260B20CB000FE298 /* Info.plist */,
			);
			path = club_manager;
			sourceTree = "<group>";
		};
		8E9B84D7260B20D3000FE298 /* Delegete */ = {
			isa = PBXGroup;
			children = (
				8E9B84C4260B20C8000FE298 /* SceneDelegate.swift */,
				8E9B84C2260B20C8000FE298 /* AppDelegate.swift */,
			);
			path = Delegete;
			sourceTree = "<group>";
		};
		8E9B84D9260B2106000FE298 /* ViewControllers */ = {
			isa = PBXGroup;
			children = (
				8E9B84EF260B32C9000FE298 /* Cell */,
				8E9B84DA260B214F000FE298 /* LoginViewController.swift */,
				8E9B84DD260B233D000FE298 /* ClubViewController.swift */,
				8E9B84F6260B3C7A000FE298 /* HomeViewController.swift */,
				8ECD7832260C42570019D9F2 /* SearchViewController.swift */,
				8E8E58822611D38500DB274A /* ProfileViewController.swift */,
				8E8E588526120D3D00DB274A /* CalendarViewController.swift */,
			);
			path = ViewControllers;
			sourceTree = "<group>";
		};
		8E9B84E1260B245D000FE298 /* Utils */ = {
			isa = PBXGroup;
			children = (
				8E9B84E2260B2484000FE298 /* Extension.swift */,
			);
			path = Utils;
			sourceTree = "<group>";
		};
		8E9B84EF260B32C9000FE298 /* Cell */ = {
			isa = PBXGroup;
			children = (
				8E9B84F0260B32E3000FE298 /* clubCollectionViewCell.swift */,
				8E9B84F1260B32E3000FE298 /* clubCollectionViewCell.xib */,
				8ECD782A260C375B0019D9F2 /* AllNoteTableViewCell.swift */,
				8ECD782B260C375B0019D9F2 /* AllNoteTableViewCell.xib */,
				8E8E58762611A14400DB274A /* ClubNewsTableViewCell.swift */,
				8E8E58772611A14400DB274A /* ClubNewsTableViewCell.xib */,
				8E8E58B126130A9E00DB274A /* RecTableViewCell.swift */,
				8E8E58B226130A9E00DB274A /* RecTableViewCell.xib */,
			);
			path = Cell;
			sourceTree = "<group>";
		};
		CB004EB3FB563905CF3F343D /* Pods */ = {
			isa = PBXGroup;
			children = (
				B84823ED0C8896D3C832A146 /* Pods-club_manager.debug.xcconfig */,
				A1E98E8D58285A6D590CEBD2 /* Pods-club_manager.release.xcconfig */,
			);
			path = Pods;
			sourceTree = "<group>";
		};
/* End PBXGroup section */

/* Begin PBXNativeTarget section */
		8E9B84BE260B20C8000FE298 /* club_manager */ = {
			isa = PBXNativeTarget;
			buildConfigurationList = 8E9B84D3260B20CB000FE298 /* Build configuration list for PBXNativeTarget "club_manager" */;
			buildPhases = (
				72BE94BCD366D77941345D6D /* [CP] Check Pods Manifest.lock */,
				8E9B84BB260B20C8000FE298 /* Sources */,
				8E9B84BC260B20C8000FE298 /* Frameworks */,
				8E9B84BD260B20C8000FE298 /* Resources */,
				CAF6F06382C9DB692A505AFF /* [CP] Embed Pods Frameworks */,
			);
			buildRules = (
			);
			dependencies = (
			);
			name = club_manager;
			productName = club_manager;
			productReference = 8E9B84BF260B20C8000FE298 /* club_manager.app */;
			productType = "com.apple.product-type.application";
		};
/* End PBXNativeTarget section */

/* Begin PBXProject section */
		8E9B84B7260B20C8000FE298 /* Project object */ = {
			isa = PBXProject;
			attributes = {
				LastSwiftUpdateCheck = 1240;
				LastUpgradeCheck = 1240;
				TargetAttributes = {
					8E9B84BE260B20C8000FE298 = {
						CreatedOnToolsVersion = 12.4;
					};
				};
			};
			buildConfigurationList = 8E9B84BA260B20C8000FE298 /* Build configuration list for PBXProject "club_manager" */;
			compatibilityVersion = "Xcode 9.3";
			developmentRegion = en;
			hasScannedForEncodings = 0;
			knownRegions = (
				en,
				Base,
			);
			mainGroup = 8E9B84B6260B20C8000FE298;
			productRefGroup = 8E9B84C0260B20C8000FE298 /* Products */;
			projectDirPath = "";
			projectRoot = "";
			targets = (
				8E9B84BE260B20C8000FE298 /* club_manager */,
			);
		};
/* End PBXProject section */

/* Begin PBXResourcesBuildPhase section */
		8E9B84BD260B20C8000FE298 /* Resources */ = {
			isa = PBXResourcesBuildPhase;
			buildActionMask = 2147483647;
			files = (
				8E9B84F3260B32E3000FE298 /* clubCollectionViewCell.xib in Resources */,
				8E9B84CF260B20CB000FE298 /* LaunchScreen.storyboard in Resources */,
				8E9B84CC260B20CB000FE298 /* Assets.xcassets in Resources */,
				8E9B84CA260B20C8000FE298 /* Main.storyboard in Resources */,
				8E8E58B426130A9E00DB274A /* RecTableViewCell.xib in Resources */,
				8E8E58792611A14500DB274A /* ClubNewsTableViewCell.xib in Resources */,
				8ECD782D260C375B0019D9F2 /* AllNoteTableViewCell.xib in Resources */,
			);
			runOnlyForDeploymentPostprocessing = 0;
		};
/* End PBXResourcesBuildPhase section */

/* Begin PBXShellScriptBuildPhase section */
		72BE94BCD366D77941345D6D /* [CP] Check Pods Manifest.lock */ = {
			isa = PBXShellScriptBuildPhase;
			buildActionMask = 2147483647;
			files = (
			);
			inputFileListPaths = (
			);
			inputPaths = (
				"${PODS_PODFILE_DIR_PATH}/Podfile.lock",
				"${PODS_ROOT}/Manifest.lock",
			);
			name = "[CP] Check Pods Manifest.lock";
			outputFileListPaths = (
			);
			outputPaths = (
				"$(DERIVED_FILE_DIR)/Pods-club_manager-checkManifestLockResult.txt",
			);
			runOnlyForDeploymentPostprocessing = 0;
			shellPath = /bin/sh;
			shellScript = "diff \"${PODS_PODFILE_DIR_PATH}/Podfile.lock\" \"${PODS_ROOT}/Manifest.lock\" > /dev/null\nif [ $? != 0 ] ; then\n    # print error to STDERR\n    echo \"error: The sandbox is not in sync with the Podfile.lock. Run 'pod install' or update your CocoaPods installation.\" >&2\n    exit 1\nfi\n# This output is used by Xcode 'outputs' to avoid re-running this script phase.\necho \"SUCCESS\" > \"${SCRIPT_OUTPUT_FILE_0}\"\n";
			showEnvVarsInLog = 0;
		};
		CAF6F06382C9DB692A505AFF /* [CP] Embed Pods Frameworks */ = {
			isa = PBXShellScriptBuildPhase;
			buildActionMask = 2147483647;
			files = (
			);
			inputFileListPaths = (
				"${PODS_ROOT}/Target Support Files/Pods-club_manager/Pods-club_manager-frameworks-${CONFIGURATION}-input-files.xcfilelist",
			);
			name = "[CP] Embed Pods Frameworks";
			outputFileListPaths = (
				"${PODS_ROOT}/Target Support Files/Pods-club_manager/Pods-club_manager-frameworks-${CONFIGURATION}-output-files.xcfilelist",
			);
			runOnlyForDeploymentPostprocessing = 0;
			shellPath = /bin/sh;
			shellScript = "\"${PODS_ROOT}/Target Support Files/Pods-club_manager/Pods-club_manager-frameworks.sh\"\n";
			showEnvVarsInLog = 0;
		};
/* End PBXShellScriptBuildPhase section */

/* Begin PBXSourcesBuildPhase section */
		8E9B84BB260B20C8000FE298 /* Sources */ = {
			isa = PBXSourcesBuildPhase;
			buildActionMask = 2147483647;
			files = (
				8E8E588626120D3D00DB274A /* CalendarViewController.swift in Sources */,
				8E9B84E3260B2484000FE298 /* Extension.swift in Sources */,
				8E8E58B326130A9E00DB274A /* RecTableViewCell.swift in Sources */,
				8E9B84DE260B233D000FE298 /* ClubViewController.swift in Sources */,
				8E8E58782611A14500DB274A /* ClubNewsTableViewCell.swift in Sources */,
				8E9B84C3260B20C8000FE298 /* AppDelegate.swift in Sources */,
				8ECD7833260C42570019D9F2 /* SearchViewController.swift in Sources */,
				8E9B84C5260B20C8000FE298 /* SceneDelegate.swift in Sources */,
				8E8E58832611D38500DB274A /* ProfileViewController.swift in Sources */,
				8E9B84F2260B32E3000FE298 /* clubCollectionViewCell.swift in Sources */,
				8ECD782C260C375B0019D9F2 /* AllNoteTableViewCell.swift in Sources */,
				8E9B84F7260B3C7A000FE298 /* HomeViewController.swift in Sources */,
				8E9B84DB260B214F000FE298 /* LoginViewController.swift in Sources */,
			);
			runOnlyForDeploymentPostprocessing = 0;
		};
/* End PBXSourcesBuildPhase section */

/* Begin PBXVariantGroup section */
		8E9B84C8260B20C8000FE298 /* Main.storyboard */ = {
			isa = PBXVariantGroup;
			children = (
				8E9B84C9260B20C8000FE298 /* Base */,
			);
			name = Main.storyboard;
			sourceTree = "<group>";
		};
		8E9B84CD260B20CB000FE298 /* LaunchScreen.storyboard */ = {
			isa = PBXVariantGroup;
			children = (
				8E9B84CE260B20CB000FE298 /* Base */,
			);
			name = LaunchScreen.storyboard;
			sourceTree = "<group>";
		};
/* End PBXVariantGroup section */

/* Begin XCBuildConfiguration section */
		8E9B84D1260B20CB000FE298 /* Debug */ = {
			isa = XCBuildConfiguration;
			buildSettings = {
				ALWAYS_SEARCH_USER_PATHS = NO;
				CLANG_ANALYZER_NONNULL = YES;
				CLANG_ANALYZER_NUMBER_OBJECT_CONVERSION = YES_AGGRESSIVE;
				CLANG_CXX_LANGUAGE_STANDARD = "gnu++14";
				CLANG_CXX_LIBRARY = "libc++";
				CLANG_ENABLE_MODULES = YES;
				CLANG_ENABLE_OBJC_ARC = YES;
				CLANG_ENABLE_OBJC_WEAK = YES;
				CLANG_WARN_BLOCK_CAPTURE_AUTORELEASING = YES;
				CLANG_WARN_BOOL_CONVERSION = YES;
				CLANG_WARN_COMMA = YES;
				CLANG_WARN_CONSTANT_CONVERSION = YES;
				CLANG_WARN_DEPRECATED_OBJC_IMPLEMENTATIONS = YES;
				CLANG_WARN_DIRECT_OBJC_ISA_USAGE = YES_ERROR;
				CLANG_WARN_DOCUMENTATION_COMMENTS = YES;
				CLANG_WARN_EMPTY_BODY = YES;
				CLANG_WARN_ENUM_CONVERSION = YES;
				CLANG_WARN_INFINITE_RECURSION = YES;
				CLANG_WARN_INT_CONVERSION = YES;
				CLANG_WARN_NON_LITERAL_NULL_CONVERSION = YES;
				CLANG_WARN_OBJC_IMPLICIT_RETAIN_SELF = YES;
				CLANG_WARN_OBJC_LITERAL_CONVERSION = YES;
				CLANG_WARN_OBJC_ROOT_CLASS = YES_ERROR;
				CLANG_WARN_QUOTED_INCLUDE_IN_FRAMEWORK_HEADER = YES;
				CLANG_WARN_RANGE_LOOP_ANALYSIS = YES;
				CLANG_WARN_STRICT_PROTOTYPES = YES;
				CLANG_WARN_SUSPICIOUS_MOVE = YES;
				CLANG_WARN_UNGUARDED_AVAILABILITY = YES_AGGRESSIVE;
				CLANG_WARN_UNREACHABLE_CODE = YES;
				CLANG_WARN__DUPLICATE_METHOD_MATCH = YES;
				COPY_PHASE_STRIP = NO;
				DEBUG_INFORMATION_FORMAT = dwarf;
				ENABLE_STRICT_OBJC_MSGSEND = YES;
				ENABLE_TESTABILITY = YES;
				GCC_C_LANGUAGE_STANDARD = gnu11;
				GCC_DYNAMIC_NO_PIC = NO;
				GCC_NO_COMMON_BLOCKS = YES;
				GCC_OPTIMIZATION_LEVEL = 0;
				GCC_PREPROCESSOR_DEFINITIONS = (
					"DEBUG=1",
					"$(inherited)",
				);
				GCC_WARN_64_TO_32_BIT_CONVERSION = YES;
				GCC_WARN_ABOUT_RETURN_TYPE = YES_ERROR;
				GCC_WARN_UNDECLARED_SELECTOR = YES;
				GCC_WARN_UNINITIALIZED_AUTOS = YES_AGGRESSIVE;
				GCC_WARN_UNUSED_FUNCTION = YES;
				GCC_WARN_UNUSED_VARIABLE = YES;
				IPHONEOS_DEPLOYMENT_TARGET = 14.4;
				MTL_ENABLE_DEBUG_INFO = INCLUDE_SOURCE;
				MTL_FAST_MATH = YES;
				ONLY_ACTIVE_ARCH = YES;
				SDKROOT = iphoneos;
				SWIFT_ACTIVE_COMPILATION_CONDITIONS = DEBUG;
				SWIFT_OPTIMIZATION_LEVEL = "-Onone";
			};
			name = Debug;
		};
		8E9B84D2260B20CB000FE298 /* Release */ = {
			isa = XCBuildConfiguration;
			buildSettings = {
				ALWAYS_SEARCH_USER_PATHS = NO;
				CLANG_ANALYZER_NONNULL = YES;
				CLANG_ANALYZER_NUMBER_OBJECT_CONVERSION = YES_AGGRESSIVE;
				CLANG_CXX_LANGUAGE_STANDARD = "gnu++14";
				CLANG_CXX_LIBRARY = "libc++";
				CLANG_ENABLE_MODULES = YES;
				CLANG_ENABLE_OBJC_ARC = YES;
				CLANG_ENABLE_OBJC_WEAK = YES;
				CLANG_WARN_BLOCK_CAPTURE_AUTORELEASING = YES;
				CLANG_WARN_BOOL_CONVERSION = YES;
				CLANG_WARN_COMMA = YES;
				CLANG_WARN_CONSTANT_CONVERSION = YES;
				CLANG_WARN_DEPRECATED_OBJC_IMPLEMENTATIONS = YES;
				CLANG_WARN_DIRECT_OBJC_ISA_USAGE = YES_ERROR;
				CLANG_WARN_DOCUMENTATION_COMMENTS = YES;
				CLANG_WARN_EMPTY_BODY = YES;
				CLANG_WARN_ENUM_CONVERSION = YES;
				CLANG_WARN_INFINITE_RECURSION = YES;
				CLANG_WARN_INT_CONVERSION = YES;
				CLANG_WARN_NON_LITERAL_NULL_CONVERSION = YES;
				CLANG_WARN_OBJC_IMPLICIT_RETAIN_SELF = YES;
				CLANG_WARN_OBJC_LITERAL_CONVERSION = YES;
				CLANG_WARN_OBJC_ROOT_CLASS = YES_ERROR;
				CLANG_WARN_QUOTED_INCLUDE_IN_FRAMEWORK_HEADER = YES;
				CLANG_WARN_RANGE_LOOP_ANALYSIS = YES;
				CLANG_WARN_STRICT_PROTOTYPES = YES;
				CLANG_WARN_SUSPICIOUS_MOVE = YES;
				CLANG_WARN_UNGUARDED_AVAILABILITY = YES_AGGRESSIVE;
				CLANG_WARN_UNREACHABLE_CODE = YES;
				CLANG_WARN__DUPLICATE_METHOD_MATCH = YES;
				COPY_PHASE_STRIP = NO;
				DEBUG_INFORMATION_FORMAT = "dwarf-with-dsym";
				ENABLE_NS_ASSERTIONS = NO;
				ENABLE_STRICT_OBJC_MSGSEND = YES;
				GCC_C_LANGUAGE_STANDARD = gnu11;
				GCC_NO_COMMON_BLOCKS = YES;
				GCC_WARN_64_TO_32_BIT_CONVERSION = YES;
				GCC_WARN_ABOUT_RETURN_TYPE = YES_ERROR;
				GCC_WARN_UNDECLARED_SELECTOR = YES;
				GCC_WARN_UNINITIALIZED_AUTOS = YES_AGGRESSIVE;
				GCC_WARN_UNUSED_FUNCTION = YES;
				GCC_WARN_UNUSED_VARIABLE = YES;
				IPHONEOS_DEPLOYMENT_TARGET = 14.4;
				MTL_ENABLE_DEBUG_INFO = NO;
				MTL_FAST_MATH = YES;
				SDKROOT = iphoneos;
				SWIFT_COMPILATION_MODE = wholemodule;
				SWIFT_OPTIMIZATION_LEVEL = "-O";
				VALIDATE_PRODUCT = YES;
			};
			name = Release;
		};
		8E9B84D4260B20CB000FE298 /* Debug */ = {
			isa = XCBuildConfiguration;
			baseConfigurationReference = B84823ED0C8896D3C832A146 /* Pods-club_manager.debug.xcconfig */;
			buildSettings = {
				ASSETCATALOG_COMPILER_APPICON_NAME = AppIcon;
				ASSETCATALOG_COMPILER_GLOBAL_ACCENT_COLOR_NAME = AccentColor;
				CODE_SIGN_STYLE = Automatic;
				DEVELOPMENT_TEAM = J2Z4ZN37P4;
				INFOPLIST_FILE = club_manager/Info.plist;
				LD_RUNPATH_SEARCH_PATHS = (
					"$(inherited)",
					"@executable_path/Frameworks",
				);
				PRODUCT_BUNDLE_IDENTIFIER = "Develop.club-manager";
				PRODUCT_NAME = "$(TARGET_NAME)";
				SWIFT_VERSION = 5.0;
				TARGETED_DEVICE_FAMILY = "1,2";
			};
			name = Debug;
		};
		8E9B84D5260B20CB000FE298 /* Release */ = {
			isa = XCBuildConfiguration;
			baseConfigurationReference = A1E98E8D58285A6D590CEBD2 /* Pods-club_manager.release.xcconfig */;
			buildSettings = {
				ASSETCATALOG_COMPILER_APPICON_NAME = AppIcon;
				ASSETCATALOG_COMPILER_GLOBAL_ACCENT_COLOR_NAME = AccentColor;
				CODE_SIGN_STYLE = Automatic;
				DEVELOPMENT_TEAM = J2Z4ZN37P4;
				INFOPLIST_FILE = club_manager/Info.plist;
				LD_RUNPATH_SEARCH_PATHS = (
					"$(inherited)",
					"@executable_path/Frameworks",
				);
				PRODUCT_BUNDLE_IDENTIFIER = "Develop.club-manager";
				PRODUCT_NAME = "$(TARGET_NAME)";
				SWIFT_VERSION = 5.0;
				TARGETED_DEVICE_FAMILY = "1,2";
			};
			name = Release;
		};
/* End XCBuildConfiguration section */

/* Begin XCConfigurationList section */
		8E9B84BA260B20C8000FE298 /* Build configuration list for PBXProject "club_manager" */ = {
			isa = XCConfigurationList;
			buildConfigurations = (
				8E9B84D1260B20CB000FE298 /* Debug */,
				8E9B84D2260B20CB000FE298 /* Release */,
			);
			defaultConfigurationIsVisible = 0;
			defaultConfigurationName = Release;
		};
		8E9B84D3260B20CB000FE298 /* Build configuration list for PBXNativeTarget "club_manager" */ = {
			isa = XCConfigurationList;
			buildConfigurations = (
				8E9B84D4260B20CB000FE298 /* Debug */,
				8E9B84D5260B20CB000FE298 /* Release */,
			);
			defaultConfigurationIsVisible = 0;
			defaultConfigurationName = Release;
		};
/* End XCConfigurationList section */
	};
	rootObject = 8E9B84B7260B20C8000FE298 /* Project object */;
}
