// !$*UTF8*$!
{
	archiveVersion = 1;
	classes = {
	};
	objectVersion = 51;
	objects = {

/* Begin PBXBuildFile section */
		8E07216D25F116F0003A7207 /* MainTabBarViewController.swift in Sources */ = {isa = PBXBuildFile; fileRef = 8E07216C25F116F0003A7207 /* MainTabBarViewController.swift */; };
		8E07217525F13EF8003A7207 /* SearchViewController.swift in Sources */ = {isa = PBXBuildFile; fileRef = 8E07217425F13EF8003A7207 /* SearchViewController.swift */; };
		8E07217925F13F4E003A7207 /* WriteViewController.swift in Sources */ = {isa = PBXBuildFile; fileRef = 8E07217825F13F4E003A7207 /* WriteViewController.swift */; };
		8E07217C25F13F5E003A7207 /* CalenderViewController.swift in Sources */ = {isa = PBXBuildFile; fileRef = 8E07217B25F13F5E003A7207 /* CalenderViewController.swift */; };
		8E07217F25F13F74003A7207 /* ProfileViewController.swift in Sources */ = {isa = PBXBuildFile; fileRef = 8E07217E25F13F74003A7207 /* ProfileViewController.swift */; };
		8E0721B625F16412003A7207 /* CustomNoteTableViewCell.swift in Sources */ = {isa = PBXBuildFile; fileRef = 8E0721B525F16412003A7207 /* CustomNoteTableViewCell.swift */; };
		8E0721C025F1E6D7003A7207 /* CustomSideMenuNavigation.swift in Sources */ = {isa = PBXBuildFile; fileRef = 8E0721BF25F1E6D7003A7207 /* CustomSideMenuNavigation.swift */; };
		8E0721C325F1EA80003A7207 /* ContainerController.swift in Sources */ = {isa = PBXBuildFile; fileRef = 8E0721C225F1EA80003A7207 /* ContainerController.swift */; };
		8E0721C625F1EAA1003A7207 /* MenuViewController.swift in Sources */ = {isa = PBXBuildFile; fileRef = 8E0721C525F1EAA1003A7207 /* MenuViewController.swift */; };
		8E0721CD25F1EF49003A7207 /* SideMenuViewController.swift in Sources */ = {isa = PBXBuildFile; fileRef = 8E0721CC25F1EF49003A7207 /* SideMenuViewController.swift */; };
		8E33163B25DBCD69000D1306 /* AppDelegate.swift in Sources */ = {isa = PBXBuildFile; fileRef = 8E33163A25DBCD69000D1306 /* AppDelegate.swift */; };
		8E33163D25DBCD69000D1306 /* SceneDelegate.swift in Sources */ = {isa = PBXBuildFile; fileRef = 8E33163C25DBCD69000D1306 /* SceneDelegate.swift */; };
		8E33163F25DBCD69000D1306 /* LogInViewController.swift in Sources */ = {isa = PBXBuildFile; fileRef = 8E33163E25DBCD69000D1306 /* LogInViewController.swift */; };
		8E33164225DBCD69000D1306 /* Main.storyboard in Resources */ = {isa = PBXBuildFile; fileRef = 8E33164025DBCD69000D1306 /* Main.storyboard */; };
		8E33164425DBCD70000D1306 /* Assets.xcassets in Resources */ = {isa = PBXBuildFile; fileRef = 8E33164325DBCD70000D1306 /* Assets.xcassets */; };
		8E33164725DBCD70000D1306 /* LaunchScreen.storyboard in Resources */ = {isa = PBXBuildFile; fileRef = 8E33164525DBCD70000D1306 /* LaunchScreen.storyboard */; };
		8E33165125DBD28C000D1306 /* loginViewController.swift in Sources */ = {isa = PBXBuildFile; fileRef = 8E33165025DBD28C000D1306 /* loginViewController.swift */; };
		8EDBDC8C25E170CD0051DF37 /* Extension.swift in Sources */ = {isa = PBXBuildFile; fileRef = 8EDBDC8B25E170CD0051DF37 /* Extension.swift */; };
		8EDBDC8F25E17FF30051DF37 /* CustomCollectionViewCell.swift in Sources */ = {isa = PBXBuildFile; fileRef = 8EDBDC8E25E17FF30051DF37 /* CustomCollectionViewCell.swift */; };
		8EDBDCA225E277180051DF37 /* HomeViewController.swift in Sources */ = {isa = PBXBuildFile; fileRef = 8EDBDCA125E277180051DF37 /* HomeViewController.swift */; };
		8EF400B325E158410047AC18 /* showClubViewController.swift in Sources */ = {isa = PBXBuildFile; fileRef = 8EF400B225E158410047AC18 /* showClubViewController.swift */; };
		D3CCB99880CB685C469BA38C /* Pods_ClubManager.framework in Frameworks */ = {isa = PBXBuildFile; fileRef = 9421BB6ADB687A402308BB39 /* Pods_ClubManager.framework */; };
/* End PBXBuildFile section */

/* Begin PBXFileReference section */
		0A6AEF67F86A087A38E2653C /* Pods-ClubManager.release.xcconfig */ = {isa = PBXFileReference; includeInIndex = 1; lastKnownFileType = text.xcconfig; name = "Pods-ClubManager.release.xcconfig"; path = "Target Support Files/Pods-ClubManager/Pods-ClubManager.release.xcconfig"; sourceTree = "<group>"; };
		867015E45D3EE9912AD2A49A /* Pods-ClubManager.debug.xcconfig */ = {isa = PBXFileReference; includeInIndex = 1; lastKnownFileType = text.xcconfig; name = "Pods-ClubManager.debug.xcconfig"; path = "Target Support Files/Pods-ClubManager/Pods-ClubManager.debug.xcconfig"; sourceTree = "<group>"; };
		8E07216C25F116F0003A7207 /* MainTabBarViewController.swift */ = {isa = PBXFileReference; lastKnownFileType = sourcecode.swift; path = MainTabBarViewController.swift; sourceTree = "<group>"; };
		8E07217425F13EF8003A7207 /* SearchViewController.swift */ = {isa = PBXFileReference; lastKnownFileType = sourcecode.swift; path = SearchViewController.swift; sourceTree = "<group>"; };
		8E07217825F13F4E003A7207 /* WriteViewController.swift */ = {isa = PBXFileReference; lastKnownFileType = sourcecode.swift; path = WriteViewController.swift; sourceTree = "<group>"; };
		8E07217B25F13F5E003A7207 /* CalenderViewController.swift */ = {isa = PBXFileReference; lastKnownFileType = sourcecode.swift; path = CalenderViewController.swift; sourceTree = "<group>"; };
		8E07217E25F13F74003A7207 /* ProfileViewController.swift */ = {isa = PBXFileReference; lastKnownFileType = sourcecode.swift; path = ProfileViewController.swift; sourceTree = "<group>"; };
		8E0721B525F16412003A7207 /* CustomNoteTableViewCell.swift */ = {isa = PBXFileReference; lastKnownFileType = sourcecode.swift; path = CustomNoteTableViewCell.swift; sourceTree = "<group>"; };
		8E0721BF25F1E6D7003A7207 /* CustomSideMenuNavigation.swift */ = {isa = PBXFileReference; lastKnownFileType = sourcecode.swift; path = CustomSideMenuNavigation.swift; sourceTree = "<group>"; };
		8E0721C225F1EA80003A7207 /* ContainerController.swift */ = {isa = PBXFileReference; lastKnownFileType = sourcecode.swift; path = ContainerController.swift; sourceTree = "<group>"; };
		8E0721C525F1EAA1003A7207 /* MenuViewController.swift */ = {isa = PBXFileReference; lastKnownFileType = sourcecode.swift; path = MenuViewController.swift; sourceTree = "<group>"; };
		8E0721CC25F1EF49003A7207 /* SideMenuViewController.swift */ = {isa = PBXFileReference; lastKnownFileType = sourcecode.swift; path = SideMenuViewController.swift; sourceTree = "<group>"; };
		8E33163725DBCD69000D1306 /* ClubManager.app */ = {isa = PBXFileReference; explicitFileType = wrapper.application; includeInIndex = 0; path = ClubManager.app; sourceTree = BUILT_PRODUCTS_DIR; };
		8E33163A25DBCD69000D1306 /* AppDelegate.swift */ = {isa = PBXFileReference; lastKnownFileType = sourcecode.swift; path = AppDelegate.swift; sourceTree = "<group>"; };
		8E33163C25DBCD69000D1306 /* SceneDelegate.swift */ = {isa = PBXFileReference; lastKnownFileType = sourcecode.swift; path = SceneDelegate.swift; sourceTree = "<group>"; };
		8E33163E25DBCD69000D1306 /* LogInViewController.swift */ = {isa = PBXFileReference; lastKnownFileType = sourcecode.swift; path = LogInViewController.swift; sourceTree = "<group>"; };
		8E33164125DBCD69000D1306 /* Base */ = {isa = PBXFileReference; lastKnownFileType = file.storyboard; name = Base; path = Base.lproj/Main.storyboard; sourceTree = "<group>"; };
		8E33164325DBCD70000D1306 /* Assets.xcassets */ = {isa = PBXFileReference; lastKnownFileType = folder.assetcatalog; path = Assets.xcassets; sourceTree = "<group>"; };
		8E33164625DBCD70000D1306 /* Base */ = {isa = PBXFileReference; lastKnownFileType = file.storyboard; name = Base; path = Base.lproj/LaunchScreen.storyboard; sourceTree = "<group>"; };
		8E33164825DBCD70000D1306 /* Info.plist */ = {isa = PBXFileReference; lastKnownFileType = text.plist.xml; path = Info.plist; sourceTree = "<group>"; };
		8E33165025DBD28C000D1306 /* loginViewController.swift */ = {isa = PBXFileReference; lastKnownFileType = sourcecode.swift; path = loginViewController.swift; sourceTree = "<group>"; };
		8EDBDC8B25E170CD0051DF37 /* Extension.swift */ = {isa = PBXFileReference; fileEncoding = 4; lastKnownFileType = sourcecode.swift; path = Extension.swift; sourceTree = "<group>"; };
		8EDBDC8E25E17FF30051DF37 /* CustomCollectionViewCell.swift */ = {isa = PBXFileReference; lastKnownFileType = sourcecode.swift; path = CustomCollectionViewCell.swift; sourceTree = "<group>"; };
		8EDBDCA125E277180051DF37 /* HomeViewController.swift */ = {isa = PBXFileReference; lastKnownFileType = sourcecode.swift; path = HomeViewController.swift; sourceTree = "<group>"; };
		8EF400B225E158410047AC18 /* showClubViewController.swift */ = {isa = PBXFileReference; lastKnownFileType = sourcecode.swift; path = showClubViewController.swift; sourceTree = "<group>"; };
		9421BB6ADB687A402308BB39 /* Pods_ClubManager.framework */ = {isa = PBXFileReference; explicitFileType = wrapper.framework; includeInIndex = 0; path = Pods_ClubManager.framework; sourceTree = BUILT_PRODUCTS_DIR; };
/* End PBXFileReference section */

/* Begin PBXFrameworksBuildPhase section */
		8E33163425DBCD69000D1306 /* Frameworks */ = {
			isa = PBXFrameworksBuildPhase;
			buildActionMask = 2147483647;
			files = (
				D3CCB99880CB685C469BA38C /* Pods_ClubManager.framework in Frameworks */,
			);
			runOnlyForDeploymentPostprocessing = 0;
		};
/* End PBXFrameworksBuildPhase section */

/* Begin PBXGroup section */
		712F13E9E8BBDC06C4B6CC80 /* Frameworks */ = {
			isa = PBXGroup;
			children = (
				9421BB6ADB687A402308BB39 /* Pods_ClubManager.framework */,
			);
			name = Frameworks;
			sourceTree = "<group>";
		};
		8E07216F25F126AD003A7207 /* Controllers */ = {
			isa = PBXGroup;
			children = (
				8E07217E25F13F74003A7207 /* ProfileViewController.swift */,
				8E07217B25F13F5E003A7207 /* CalenderViewController.swift */,
				8EDBDCA125E277180051DF37 /* HomeViewController.swift */,
				8E07217825F13F4E003A7207 /* WriteViewController.swift */,
				8E07217425F13EF8003A7207 /* SearchViewController.swift */,
			);
			path = Controllers;
			sourceTree = "<group>";
		};
		8E33162E25DBCD69000D1306 = {
			isa = PBXGroup;
			children = (
				8E33163925DBCD69000D1306 /* ClubManager */,
				8E33163825DBCD69000D1306 /* Products */,
				FA028ED7976A358F347201C8 /* Pods */,
				712F13E9E8BBDC06C4B6CC80 /* Frameworks */,
			);
			sourceTree = "<group>";
		};
		8E33163825DBCD69000D1306 /* Products */ = {
			isa = PBXGroup;
			children = (
				8E33163725DBCD69000D1306 /* ClubManager.app */,
			);
			name = Products;
			sourceTree = "<group>";
		};
		8E33163925DBCD69000D1306 /* ClubManager */ = {
			isa = PBXGroup;
			children = (
				8E07216F25F126AD003A7207 /* Controllers */,
				8E33164F25DBD269000D1306 /* LoginViewController */,
				8E33163A25DBCD69000D1306 /* AppDelegate.swift */,
				8E0721CC25F1EF49003A7207 /* SideMenuViewController.swift */,
				8E33163C25DBCD69000D1306 /* SceneDelegate.swift */,
				8E33163E25DBCD69000D1306 /* LogInViewController.swift */,
				8E33164025DBCD69000D1306 /* Main.storyboard */,
				8E33164325DBCD70000D1306 /* Assets.xcassets */,
				8E33164525DBCD70000D1306 /* LaunchScreen.storyboard */,
				8E33164825DBCD70000D1306 /* Info.plist */,
				8EDBDC8B25E170CD0051DF37 /* Extension.swift */,
				8EF400B225E158410047AC18 /* showClubViewController.swift */,
				8EDBDC8E25E17FF30051DF37 /* CustomCollectionViewCell.swift */,
				8E07216C25F116F0003A7207 /* MainTabBarViewController.swift */,
				8E0721B525F16412003A7207 /* CustomNoteTableViewCell.swift */,
				8E0721BF25F1E6D7003A7207 /* CustomSideMenuNavigation.swift */,
				8E0721C225F1EA80003A7207 /* ContainerController.swift */,
				8E0721C525F1EAA1003A7207 /* MenuViewController.swift */,
			);
			path = ClubManager;
			sourceTree = "<group>";
		};
		8E33164F25DBD269000D1306 /* LoginViewController */ = {
			isa = PBXGroup;
			children = (
				8E33165025DBD28C000D1306 /* loginViewController.swift */,
			);
			path = LoginViewController;
			sourceTree = "<group>";
		};
		FA028ED7976A358F347201C8 /* Pods */ = {
			isa = PBXGroup;
			children = (
				867015E45D3EE9912AD2A49A /* Pods-ClubManager.debug.xcconfig */,
				0A6AEF67F86A087A38E2653C /* Pods-ClubManager.release.xcconfig */,
			);
			path = Pods;
			sourceTree = "<group>";
		};
/* End PBXGroup section */

/* Begin PBXNativeTarget section */
		8E33163625DBCD69000D1306 /* ClubManager */ = {
			isa = PBXNativeTarget;
			buildConfigurationList = 8E33164B25DBCD70000D1306 /* Build configuration list for PBXNativeTarget "ClubManager" */;
			buildPhases = (
				25930F77C04DCA5633B0A2BF /* [CP] Check Pods Manifest.lock */,
				8E33163325DBCD69000D1306 /* Sources */,
				8E33163425DBCD69000D1306 /* Frameworks */,
				8E33163525DBCD69000D1306 /* Resources */,
				51D4B7CAAFF33A2661EC84D8 /* [CP] Embed Pods Frameworks */,
			);
			buildRules = (
			);
			dependencies = (
			);
			name = ClubManager;
			productName = ClubManager;
			productReference = 8E33163725DBCD69000D1306 /* ClubManager.app */;
			productType = "com.apple.product-type.application";
		};
/* End PBXNativeTarget section */

/* Begin PBXProject section */
		8E33162F25DBCD69000D1306 /* Project object */ = {
			isa = PBXProject;
			attributes = {
				LastSwiftUpdateCheck = 1240;
				LastUpgradeCheck = 1240;
				TargetAttributes = {
					8E33163625DBCD69000D1306 = {
						CreatedOnToolsVersion = 12.4;
					};
				};
			};
			buildConfigurationList = 8E33163225DBCD69000D1306 /* Build configuration list for PBXProject "ClubManager" */;
			compatibilityVersion = "Xcode 9.3";
			developmentRegion = en;
			hasScannedForEncodings = 0;
			knownRegions = (
				en,
				Base,
			);
			mainGroup = 8E33162E25DBCD69000D1306;
			productRefGroup = 8E33163825DBCD69000D1306 /* Products */;
			projectDirPath = "";
			projectRoot = "";
			targets = (
				8E33163625DBCD69000D1306 /* ClubManager */,
			);
		};
/* End PBXProject section */

/* Begin PBXResourcesBuildPhase section */
		8E33163525DBCD69000D1306 /* Resources */ = {
			isa = PBXResourcesBuildPhase;
			buildActionMask = 2147483647;
			files = (
				8E33164725DBCD70000D1306 /* LaunchScreen.storyboard in Resources */,
				8E33164425DBCD70000D1306 /* Assets.xcassets in Resources */,
				8E33164225DBCD69000D1306 /* Main.storyboard in Resources */,
			);
			runOnlyForDeploymentPostprocessing = 0;
		};
/* End PBXResourcesBuildPhase section */

/* Begin PBXShellScriptBuildPhase section */
		25930F77C04DCA5633B0A2BF /* [CP] Check Pods Manifest.lock */ = {
			isa = PBXShellScriptBuildPhase;
			buildActionMask = 2147483647;
			files = (
			);
			inputFileListPaths = (
			);
			inputPaths = (
				"${PODS_PODFILE_DIR_PATH}/Podfile.lock",
				"${PODS_ROOT}/Manifest.lock",
			);
			name = "[CP] Check Pods Manifest.lock";
			outputFileListPaths = (
			);
			outputPaths = (
				"$(DERIVED_FILE_DIR)/Pods-ClubManager-checkManifestLockResult.txt",
			);
			runOnlyForDeploymentPostprocessing = 0;
			shellPath = /bin/sh;
			shellScript = "diff \"${PODS_PODFILE_DIR_PATH}/Podfile.lock\" \"${PODS_ROOT}/Manifest.lock\" > /dev/null\nif [ $? != 0 ] ; then\n    # print error to STDERR\n    echo \"error: The sandbox is not in sync with the Podfile.lock. Run 'pod install' or update your CocoaPods installation.\" >&2\n    exit 1\nfi\n# This output is used by Xcode 'outputs' to avoid re-running this script phase.\necho \"SUCCESS\" > \"${SCRIPT_OUTPUT_FILE_0}\"\n";
			showEnvVarsInLog = 0;
		};
		51D4B7CAAFF33A2661EC84D8 /* [CP] Embed Pods Frameworks */ = {
			isa = PBXShellScriptBuildPhase;
			buildActionMask = 2147483647;
			files = (
			);
			inputFileListPaths = (
				"${PODS_ROOT}/Target Support Files/Pods-ClubManager/Pods-ClubManager-frameworks-${CONFIGURATION}-input-files.xcfilelist",
			);
			name = "[CP] Embed Pods Frameworks";
			outputFileListPaths = (
				"${PODS_ROOT}/Target Support Files/Pods-ClubManager/Pods-ClubManager-frameworks-${CONFIGURATION}-output-files.xcfilelist",
			);
			runOnlyForDeploymentPostprocessing = 0;
			shellPath = /bin/sh;
			shellScript = "\"${PODS_ROOT}/Target Support Files/Pods-ClubManager/Pods-ClubManager-frameworks.sh\"\n";
			showEnvVarsInLog = 0;
		};
/* End PBXShellScriptBuildPhase section */

/* Begin PBXSourcesBuildPhase section */
		8E33163325DBCD69000D1306 /* Sources */ = {
			isa = PBXSourcesBuildPhase;
			buildActionMask = 2147483647;
			files = (
				8E07217C25F13F5E003A7207 /* CalenderViewController.swift in Sources */,
				8E0721C025F1E6D7003A7207 /* CustomSideMenuNavigation.swift in Sources */,
				8E0721CD25F1EF49003A7207 /* SideMenuViewController.swift in Sources */,
				8EDBDCA225E277180051DF37 /* HomeViewController.swift in Sources */,
				8E07217925F13F4E003A7207 /* WriteViewController.swift in Sources */,
				8E07217525F13EF8003A7207 /* SearchViewController.swift in Sources */,
				8E33165125DBD28C000D1306 /* loginViewController.swift in Sources */,
				8EDBDC8F25E17FF30051DF37 /* CustomCollectionViewCell.swift in Sources */,
				8E07216D25F116F0003A7207 /* MainTabBarViewController.swift in Sources */,
				8EF400B325E158410047AC18 /* showClubViewController.swift in Sources */,
				8E33163F25DBCD69000D1306 /* LogInViewController.swift in Sources */,
				8EDBDC8C25E170CD0051DF37 /* Extension.swift in Sources */,
				8E0721C625F1EAA1003A7207 /* MenuViewController.swift in Sources */,
				8E0721C325F1EA80003A7207 /* ContainerController.swift in Sources */,
				8E07217F25F13F74003A7207 /* ProfileViewController.swift in Sources */,
				8E33163B25DBCD69000D1306 /* AppDelegate.swift in Sources */,
				8E0721B625F16412003A7207 /* CustomNoteTableViewCell.swift in Sources */,
				8E33163D25DBCD69000D1306 /* SceneDelegate.swift in Sources */,
			);
			runOnlyForDeploymentPostprocessing = 0;
		};
/* End PBXSourcesBuildPhase section */

/* Begin PBXVariantGroup section */
		8E33164025DBCD69000D1306 /* Main.storyboard */ = {
			isa = PBXVariantGroup;
			children = (
				8E33164125DBCD69000D1306 /* Base */,
			);
			name = Main.storyboard;
			sourceTree = "<group>";
		};
		8E33164525DBCD70000D1306 /* LaunchScreen.storyboard */ = {
			isa = PBXVariantGroup;
			children = (
				8E33164625DBCD70000D1306 /* Base */,
			);
			name = LaunchScreen.storyboard;
			sourceTree = "<group>";
		};
/* End PBXVariantGroup section */

/* Begin XCBuildConfiguration section */
		8E33164925DBCD70000D1306 /* Debug */ = {
			isa = XCBuildConfiguration;
			buildSettings = {
				ALWAYS_SEARCH_USER_PATHS = NO;
				CLANG_ANALYZER_NONNULL = YES;
				CLANG_ANALYZER_NUMBER_OBJECT_CONVERSION = YES_AGGRESSIVE;
				CLANG_CXX_LANGUAGE_STANDARD = "gnu++14";
				CLANG_CXX_LIBRARY = "libc++";
				CLANG_ENABLE_MODULES = YES;
				CLANG_ENABLE_OBJC_ARC = YES;
				CLANG_ENABLE_OBJC_WEAK = YES;
				CLANG_WARN_BLOCK_CAPTURE_AUTORELEASING = YES;
				CLANG_WARN_BOOL_CONVERSION = YES;
				CLANG_WARN_COMMA = YES;
				CLANG_WARN_CONSTANT_CONVERSION = YES;
				CLANG_WARN_DEPRECATED_OBJC_IMPLEMENTATIONS = YES;
				CLANG_WARN_DIRECT_OBJC_ISA_USAGE = YES_ERROR;
				CLANG_WARN_DOCUMENTATION_COMMENTS = YES;
				CLANG_WARN_EMPTY_BODY = YES;
				CLANG_WARN_ENUM_CONVERSION = YES;
				CLANG_WARN_INFINITE_RECURSION = YES;
				CLANG_WARN_INT_CONVERSION = YES;
				CLANG_WARN_NON_LITERAL_NULL_CONVERSION = YES;
				CLANG_WARN_OBJC_IMPLICIT_RETAIN_SELF = YES;
				CLANG_WARN_OBJC_LITERAL_CONVERSION = YES;
				CLANG_WARN_OBJC_ROOT_CLASS = YES_ERROR;
				CLANG_WARN_QUOTED_INCLUDE_IN_FRAMEWORK_HEADER = YES;
				CLANG_WARN_RANGE_LOOP_ANALYSIS = YES;
				CLANG_WARN_STRICT_PROTOTYPES = YES;
				CLANG_WARN_SUSPICIOUS_MOVE = YES;
				CLANG_WARN_UNGUARDED_AVAILABILITY = YES_AGGRESSIVE;
				CLANG_WARN_UNREACHABLE_CODE = YES;
				CLANG_WARN__DUPLICATE_METHOD_MATCH = YES;
				COPY_PHASE_STRIP = NO;
				DEBUG_INFORMATION_FORMAT = dwarf;
				ENABLE_STRICT_OBJC_MSGSEND = YES;
				ENABLE_TESTABILITY = YES;
				GCC_C_LANGUAGE_STANDARD = gnu11;
				GCC_DYNAMIC_NO_PIC = NO;
				GCC_NO_COMMON_BLOCKS = YES;
				GCC_OPTIMIZATION_LEVEL = 0;
				GCC_PREPROCESSOR_DEFINITIONS = (
					"DEBUG=1",
					"$(inherited)",
				);
				GCC_WARN_64_TO_32_BIT_CONVERSION = YES;
				GCC_WARN_ABOUT_RETURN_TYPE = YES_ERROR;
				GCC_WARN_UNDECLARED_SELECTOR = YES;
				GCC_WARN_UNINITIALIZED_AUTOS = YES_AGGRESSIVE;
				GCC_WARN_UNUSED_FUNCTION = YES;
				GCC_WARN_UNUSED_VARIABLE = YES;
				IPHONEOS_DEPLOYMENT_TARGET = 14.4;
				MTL_ENABLE_DEBUG_INFO = INCLUDE_SOURCE;
				MTL_FAST_MATH = YES;
				ONLY_ACTIVE_ARCH = YES;
				SDKROOT = iphoneos;
				SWIFT_ACTIVE_COMPILATION_CONDITIONS = DEBUG;
				SWIFT_OPTIMIZATION_LEVEL = "-Onone";
			};
			name = Debug;
		};
		8E33164A25DBCD70000D1306 /* Release */ = {
			isa = XCBuildConfiguration;
			buildSettings = {
				ALWAYS_SEARCH_USER_PATHS = NO;
				CLANG_ANALYZER_NONNULL = YES;
				CLANG_ANALYZER_NUMBER_OBJECT_CONVERSION = YES_AGGRESSIVE;
				CLANG_CXX_LANGUAGE_STANDARD = "gnu++14";
				CLANG_CXX_LIBRARY = "libc++";
				CLANG_ENABLE_MODULES = YES;
				CLANG_ENABLE_OBJC_ARC = YES;
				CLANG_ENABLE_OBJC_WEAK = YES;
				CLANG_WARN_BLOCK_CAPTURE_AUTORELEASING = YES;
				CLANG_WARN_BOOL_CONVERSION = YES;
				CLANG_WARN_COMMA = YES;
				CLANG_WARN_CONSTANT_CONVERSION = YES;
				CLANG_WARN_DEPRECATED_OBJC_IMPLEMENTATIONS = YES;
				CLANG_WARN_DIRECT_OBJC_ISA_USAGE = YES_ERROR;
				CLANG_WARN_DOCUMENTATION_COMMENTS = YES;
				CLANG_WARN_EMPTY_BODY = YES;
				CLANG_WARN_ENUM_CONVERSION = YES;
				CLANG_WARN_INFINITE_RECURSION = YES;
				CLANG_WARN_INT_CONVERSION = YES;
				CLANG_WARN_NON_LITERAL_NULL_CONVERSION = YES;
				CLANG_WARN_OBJC_IMPLICIT_RETAIN_SELF = YES;
				CLANG_WARN_OBJC_LITERAL_CONVERSION = YES;
				CLANG_WARN_OBJC_ROOT_CLASS = YES_ERROR;
				CLANG_WARN_QUOTED_INCLUDE_IN_FRAMEWORK_HEADER = YES;
				CLANG_WARN_RANGE_LOOP_ANALYSIS = YES;
				CLANG_WARN_STRICT_PROTOTYPES = YES;
				CLANG_WARN_SUSPICIOUS_MOVE = YES;
				CLANG_WARN_UNGUARDED_AVAILABILITY = YES_AGGRESSIVE;
				CLANG_WARN_UNREACHABLE_CODE = YES;
				CLANG_WARN__DUPLICATE_METHOD_MATCH = YES;
				COPY_PHASE_STRIP = NO;
				DEBUG_INFORMATION_FORMAT = "dwarf-with-dsym";
				ENABLE_NS_ASSERTIONS = NO;
				ENABLE_STRICT_OBJC_MSGSEND = YES;
				GCC_C_LANGUAGE_STANDARD = gnu11;
				GCC_NO_COMMON_BLOCKS = YES;
				GCC_WARN_64_TO_32_BIT_CONVERSION = YES;
				GCC_WARN_ABOUT_RETURN_TYPE = YES_ERROR;
				GCC_WARN_UNDECLARED_SELECTOR = YES;
				GCC_WARN_UNINITIALIZED_AUTOS = YES_AGGRESSIVE;
				GCC_WARN_UNUSED_FUNCTION = YES;
				GCC_WARN_UNUSED_VARIABLE = YES;
				IPHONEOS_DEPLOYMENT_TARGET = 14.4;
				MTL_ENABLE_DEBUG_INFO = NO;
				MTL_FAST_MATH = YES;
				SDKROOT = iphoneos;
				SWIFT_COMPILATION_MODE = wholemodule;
				SWIFT_OPTIMIZATION_LEVEL = "-O";
				VALIDATE_PRODUCT = YES;
			};
			name = Release;
		};
		8E33164C25DBCD70000D1306 /* Debug */ = {
			isa = XCBuildConfiguration;
			baseConfigurationReference = 867015E45D3EE9912AD2A49A /* Pods-ClubManager.debug.xcconfig */;
			buildSettings = {
				ASSETCATALOG_COMPILER_APPICON_NAME = AppIcon;
				ASSETCATALOG_COMPILER_GLOBAL_ACCENT_COLOR_NAME = AccentColor;
				CODE_SIGN_STYLE = Automatic;
				DEVELOPMENT_TEAM = J2Z4ZN37P4;
				INFOPLIST_FILE = ClubManager/Info.plist;
				LD_RUNPATH_SEARCH_PATHS = (
					"$(inherited)",
					"@executable_path/Frameworks",
				);
				PRODUCT_BUNDLE_IDENTIFIER = Develop.ClubManager;
				PRODUCT_NAME = "$(TARGET_NAME)";
				SWIFT_VERSION = 5.0;
				TARGETED_DEVICE_FAMILY = "1,2";
			};
			name = Debug;
		};
		8E33164D25DBCD70000D1306 /* Release */ = {
			isa = XCBuildConfiguration;
			baseConfigurationReference = 0A6AEF67F86A087A38E2653C /* Pods-ClubManager.release.xcconfig */;
			buildSettings = {
				ASSETCATALOG_COMPILER_APPICON_NAME = AppIcon;
				ASSETCATALOG_COMPILER_GLOBAL_ACCENT_COLOR_NAME = AccentColor;
				CODE_SIGN_STYLE = Automatic;
				DEVELOPMENT_TEAM = J2Z4ZN37P4;
				INFOPLIST_FILE = ClubManager/Info.plist;
				LD_RUNPATH_SEARCH_PATHS = (
					"$(inherited)",
					"@executable_path/Frameworks",
				);
				PRODUCT_BUNDLE_IDENTIFIER = Develop.ClubManager;
				PRODUCT_NAME = "$(TARGET_NAME)";
				SWIFT_VERSION = 5.0;
				TARGETED_DEVICE_FAMILY = "1,2";
			};
			name = Release;
		};
/* End XCBuildConfiguration section */

/* Begin XCConfigurationList section */
		8E33163225DBCD69000D1306 /* Build configuration list for PBXProject "ClubManager" */ = {
			isa = XCConfigurationList;
			buildConfigurations = (
				8E33164925DBCD70000D1306 /* Debug */,
				8E33164A25DBCD70000D1306 /* Release */,
			);
			defaultConfigurationIsVisible = 0;
			defaultConfigurationName = Release;
		};
		8E33164B25DBCD70000D1306 /* Build configuration list for PBXNativeTarget "ClubManager" */ = {
			isa = XCConfigurationList;
			buildConfigurations = (
				8E33164C25DBCD70000D1306 /* Debug */,
				8E33164D25DBCD70000D1306 /* Release */,
			);
			defaultConfigurationIsVisible = 0;
			defaultConfigurationName = Release;
		};
/* End XCConfigurationList section */
	};
	rootObject = 8E33162F25DBCD69000D1306 /* Project object */;
}
